#MicroXplorer Configuration settings - do not modify
Dma.MEMTOMEM.3.FIFOThreshold=DMA_FIFO_THRESHOLD_FULL
VP_TIM5_VS_ClockSourceINT.Mode=Internal
PB13.GPIOParameters=GPIO_PuPd,GPIO_Label
PC7.GPIOParameters=GPIO_Label
PH0-OSC_IN.Signal=RCC_OSC_IN
Dma.I2C1_RX.4.PeriphDataAlignment=DMA_PDATAALIGN_BYTE
PC10.GPIO_PuPd=GPIO_PULLDOWN
NVIC.I2C1_EV_IRQn=true\:0\:0\:true\:false\:true\:true\:true
PB10.GPIO_PuPd=GPIO_PULLUP
PB10.Mode=Asynchronous
VP_TIM5_VS_ClockSourceINT.Signal=TIM5_VS_ClockSourceINT
NVIC.TIM6_DAC_IRQn=true\:0\:0\:false\:false\:true\:true\:true
PC12.Locked=true
SH.GPXTI9.0=GPIO_EXTI9
SH.GPXTI14.0=GPIO_EXTI14
RCC.PLLCLKFreq_Value=180000000
PC12.Signal=GPIO_Output
PB14.GPIO_Label=PWMB
PA14.GPIO_Label=SWDCK
RCC.PLLQCLKFreq_Value=180000000
Dma.USART3_TX.1.PeriphDataAlignment=DMA_PDATAALIGN_BYTE
PC6.GPIO_Label=EN22
PC3.Locked=true
PA3.GPIOParameters=GPIO_Label
PA6.GPIO_Label=BTN2
PB6.GPIO_Label=SCL
PD2.GPIOParameters=GPIO_PuPd,GPIO_Label
Dma.USART3_TX.1.Instance=DMA1_Stream3
PC5.Mode=Asynchronous
PB13.Signal=GPIO_Output
RCC.SAIAFreq_Value=48000000
PA2.GPIOParameters=GPIO_PuPd,GPIO_Label
PC15-OSC32_OUT.GPIO_Label=XSHUT1
PinOutPanel.RotationAngle=0
RCC.SYSCLKSource=RCC_SYSCLKSOURCE_PLLCLK
NVIC.SVCall_IRQn=true\:0\:0\:false\:false\:true\:false\:false
Dma.I2C1_TX.5.Mode=DMA_NORMAL
Dma.I2C1_RX.4.Direction=DMA_PERIPH_TO_MEMORY
SH.GPXTI3.ConfNb=1
SH.S_TIM3_CH2.ConfNb=1
SH.S_TIM14_CH1.0=TIM14_CH1,PWM Generation1 CH1
TIM2.IPParameters=EncoderMode,Period,IC1Filter,IC2Filter,CounterMode
RCC.APB2TimFreq_Value=180000000
PB6.Signal=I2C1_SCL
VP_TIM10_VS_ClockSourceINT.Mode=Enable_Timer
PC7.Signal=S_TIM3_CH2
PB6.Mode=I2C
PC3.Signal=GPIO_Output
PB13.Locked=true
NVIC.EXTI15_10_IRQn=true\:0\:0\:false\:false\:true\:true\:true
ProjectManager.ProjectBuild=false
NVIC.UsageFault_IRQn=true\:0\:0\:false\:false\:true\:false\:false
PB2.Signal=GPIO_Output
PA8.Locked=true
PA4.Locked=true
PC1.GPIO_PuPd=GPIO_PULLDOWN
TIM12.Period=999
PB12.GPIO_Label=UNUSED6
ProjectManager.FirmwarePackage=STM32Cube FW_F4 V1.25.2
MxDb.Version=DB.6.0.10
PB0.GPIOParameters=GPIO_Label
PA1.GPIOParameters=GPIO_Label
ProjectManager.BackupPrevious=true
SH.S_TIM12_CH1.0=TIM12_CH1,PWM Generation1 CH1
PC4.GPIO_Label=LED2
Dma.I2C1_TX.5.MemDataAlignment=DMA_MDATAALIGN_BYTE
PA5.GPIO_PuPd=GPIO_PULLDOWN
PB1.GPIO_Label=LED4
Dma.ADC3.2.Direction=DMA_PERIPH_TO_MEMORY
ADC3.IPParameters=Rank-0\#ChannelRegularConversion,Channel-0\#ChannelRegularConversion,SamplingTime-0\#ChannelRegularConversion,NbrOfConversionFlag,ClockPrescaler,DMAContinuousRequests
PA8.Signal=GPIO_Output
RCC.PLLRCLKFreq_Value=180000000
SH.GPXTI11.ConfNb=1
NVIC.PendSV_IRQn=true\:0\:0\:false\:false\:true\:false\:false
TIM4.Period=19999
RCC.PLLI2SoutputFreq_Value=48000000
ProjectManager.HalAssertFull=false
Dma.USART3_TX.1.FIFOMode=DMA_FIFOMODE_DISABLE
Dma.USART3_TX.1.Priority=DMA_PRIORITY_VERY_HIGH
TIM9.Prescaler=89
RCC.MCO2PinFreq_Value=180000000
PC8.GPIOParameters=GPIO_PuPd,GPIO_Label
Mcu.Package=LQFP64
PB9.Signal=GPXTI9
PB1.Signal=GPIO_Output
PA5.Locked=true
NVIC.TimeBase=TIM1_UP_TIM10_IRQn
SH.GPXTI11.0=GPIO_EXTI11
RCC.I2S2Freq_Value=48000000
ADC3.Rank-0\#ChannelRegularConversion=1
NVIC.TimeBaseIP=TIM1
USART3.IPParameters=VirtualMode
PA10.Signal=GPIO_Output
PB9.GPIO_PuPd=GPIO_PULLUP
PA5.GPIOParameters=GPIO_PuPd,GPIO_Label
PB14.GPIOParameters=GPIO_Label
SH.S_TIM12_CH2.0=TIM12_CH2,PWM Generation2 CH2
SH.GPXTI14.ConfNb=1
ADC3.DMAContinuousRequests=ENABLE
RCC.APB2CLKDivider=RCC_HCLK_DIV2
NVIC.EXTI2_IRQn=true\:0\:0\:false\:false\:true\:true\:true
RCC.CECFreq_Value=32786.88524590164
RCC.APB1TimFreq_Value=90000000
NVIC.BusFault_IRQn=true\:0\:0\:false\:false\:true\:false\:false
PB10.GPIOParameters=GPIO_PuPd,GPIO_Label
VP_TIM14_VS_ClockSourceINT.Mode=Enable_Timer
PC15-OSC32_OUT.GPIOParameters=GPIO_Label
Dma.USART3_TX.1.PeriphInc=DMA_PINC_DISABLE
TIM14.IPParameters=Channel,Prescaler,Period
PA12.GPIO_PuPd=GPIO_PULLDOWN
NVIC.DMA1_Stream6_IRQn=true\:0\:0\:false\:false\:true\:false\:true
PA4.GPIO_Label=BTN1
ProjectManager.CustomerFirmwarePackage=
PC4.GPIOParameters=GPIO_Label
TIM9.Period=9999
RCC.PLLSAIQCLKFreq_Value=48000000
PA6.GPIOParameters=GPIO_PuPd,GPIO_Label
Dma.USART3_RX.0.Instance=DMA1_Stream1
Dma.I2C1_RX.4.FIFOMode=DMA_FIFOMODE_DISABLE
Dma.USART3_TX.1.MemDataAlignment=DMA_MDATAALIGN_BYTE
ProjectManager.ProjectFileName=embedded_code.ioc
TIM5.IPParameters=Prescaler
PA15.GPIOParameters=GPIO_PuPd,GPIO_Label
Mcu.PinsNb=60
PD2.GPIO_PuPd=GPIO_PULLDOWN
PC11.Locked=true
TIM2.IC1Filter=15
PC13.Locked=true
PA9.GPIO_Label=UNUSED3
PC13.Signal=GPIO_Output
PC6.Signal=S_TIM3_CH1
PC2.Signal=GPIO_Output
PA11.GPIO_Label=AFOR
NVIC.DMA2_Stream1_IRQn=true\:0\:0\:false\:false\:true\:true\:true
PC0.Signal=GPIO_Output
RCC.APB1CLKDivider=RCC_HCLK_DIV4
PC14-OSC32_IN.Signal=GPXTI14
PC11.GPIOParameters=GPIO_PuPd,GPIO_Label,GPIO_ModeDefaultEXTI
SH.S_TIM2_CH1_ETR.ConfNb=1
VP_TIM9_VS_ClockSourceINT.Signal=TIM9_VS_ClockSourceINT
PA0-WKUP.GPIO_Label=EN11
Dma.MEMTOMEM.3.MemBurst=DMA_MBURST_SINGLE
PA0-WKUP.Signal=S_TIM2_CH1_ETR
PC3.GPIOParameters=GPIO_PuPd,GPIO_Label
VP_TIM6_VS_ClockSourceINT.Signal=TIM6_VS_ClockSourceINT
PB8.GPIO_Label=XSHUT3
PA11.Locked=true
PA15.Locked=true
PA8.GPIO_Label=BFOR
PC15-OSC32_OUT.Locked=true
Mcu.Pin59=VP_TIM14_VS_ClockSourceINT
SH.GPXTI2.ConfNb=1
Mcu.Pin57=VP_TIM12_VS_ClockSourceINT
Mcu.Pin58=VP_TIM13_VS_ClockSourceINT
TIM3.IC2Filter=15
TIM4.IPParameters=Prescaler,Period
Mcu.Pin51=VP_TIM4_VS_ClockSourceINT
Mcu.Pin52=VP_TIM5_VS_ClockSourceINT
I2C1.I2C_Mode=I2C_Fast
Mcu.Pin50=VP_SYS_VS_tim1
Mcu.Pin55=VP_TIM9_VS_ClockSourceINT
Mcu.Pin56=VP_TIM10_VS_ClockSourceINT
Mcu.Pin53=VP_TIM6_VS_ClockSourceINT
Mcu.Pin54=VP_TIM7_VS_ClockSourceINT
PA9.Signal=GPIO_Output
SH.S_TIM2_CH2.ConfNb=1
PB5.Locked=true
PB9.Locked=true
Dma.ADC3.2.PeriphDataAlignment=DMA_PDATAALIGN_HALFWORD
Mcu.Pin48=PB8
Mcu.Pin49=PB9
Mcu.Pin46=PB6
Mcu.Pin47=PB7
PB10.Signal=USART3_TX
TIM13.IPParameters=Prescaler,Period
TIM12.Prescaler=3
PB14.Signal=S_TIM12_CH1
PA5.Signal=GPIO_Output
Mcu.Pin40=PC11
Mcu.Pin41=PC12
TIM3.IC1Filter=15
Dma.ADC3.2.Mode=DMA_CIRCULAR
Dma.MEMTOMEM.3.PeriphDataAlignment=DMA_PDATAALIGN_BYTE
Mcu.Pin44=PB4
Mcu.Pin45=PB5
Mcu.Pin42=PD2
Mcu.Pin43=PB3
TIM13.Period=99
ProjectManager.LastFirmware=true
PC14-OSC32_IN.GPIO_ModeDefaultEXTI=GPIO_MODE_IT_FALLING
PB13.GPIO_PuPd=GPIO_PULLDOWN
SH.S_TIM12_CH1.ConfNb=1
VP_TIM13_VS_ClockSourceINT.Mode=Enable_Timer
TIM14.Channel=TIM_CHANNEL_1
Mcu.Pin37=PA14
PB4.GPIO_Label=XSHUT4
Mcu.Pin38=PA15
PC11.GPIO_ModeDefaultEXTI=GPIO_MODE_IT_FALLING
PB15.GPIO_Label=PWMA
Mcu.Pin35=PA12
Dma.MEMTOMEM.3.Priority=DMA_PRIORITY_LOW
TIM13.Prescaler=89
Mcu.Pin36=PA13
VP_SYS_VS_tim1.Signal=SYS_VS_tim1
RCC.PLLI2SPCLKFreq_Value=48000000
Mcu.Pin39=PC10
VP_TIM12_VS_ClockSourceINT.Signal=TIM12_VS_ClockSourceINT
PC2.GPIOParameters=GPIO_PuPd,GPIO_Label
Mcu.Pin30=PC9
PA1.GPIO_Label=EN12
Dma.I2C1_RX.4.Instance=DMA1_Stream0
Mcu.Pin33=PA10
TIM3.IPParameters=Period,EncoderMode,IC1Filter,IC2Filter,CounterMode
Mcu.Pin34=PA11
Mcu.Pin31=PA8
Mcu.Pin32=PA9
PA9.Locked=true
Dma.I2C1_TX.5.PeriphDataAlignment=DMA_PDATAALIGN_BYTE
NVIC.NonMaskableInt_IRQn=true\:0\:0\:false\:false\:true\:false\:false
PC10.GPIOParameters=GPIO_PuPd,GPIO_Label
PH1-OSC_OUT.GPIO_Label=OSCOUT
TIM2.Period=65535
Dma.MEMTOMEM.3.RequestParameters=Instance,Direction,PeriphInc,MemInc,PeriphDataAlignment,MemDataAlignment,Mode,Priority,FIFOMode,FIFOThreshold,MemBurst,PeriphBurst
Dma.I2C1_RX.4.Mode=DMA_NORMAL
PA13.Mode=Serial_Wire
ProjectManager.FreePins=false
PC9.GPIOParameters=GPIO_Label
RCC.PLLI2SQCLKFreq_Value=48000000
Mcu.Pin26=PB15
NVIC.TIM1_BRK_TIM9_IRQn=true\:0\:0\:false\:false\:true\:true\:true
Mcu.Pin27=PC6
TIM14.Prescaler=89
Mcu.Pin24=PB13
ProjectManager.UnderRoot=true
Mcu.Pin25=PB14
Dma.MEMTOMEM.3.MemInc=DMA_MINC_ENABLE
PC7.GPIO_Label=EN21
Mcu.Pin28=PC7
Mcu.Pin29=PC8
PB4.Locked=true
PC8.GPIO_PuPd=GPIO_PULLDOWN
PA4.Signal=GPIO_Input
PB5.Signal=GPXTI5
Mcu.Pin22=PB10
Mcu.Pin23=PB12
Mcu.Pin20=PB1
Mcu.Pin21=PB2
PA5.GPIO_Label=UNUSED2
PA10.Locked=true
NVIC.ForceEnableDMAVector=true
Dma.ADC3.2.PeriphInc=DMA_PINC_DISABLE
PA14.GPIOParameters=GPIO_Label
PB5.GPIO_PuPd=GPIO_PULLUP
NVIC.MemoryManagement_IRQn=true\:0\:0\:false\:false\:true\:false\:false
PC12.GPIO_Label=XSHUT5
ProjectManager.CompilerOptimize=6
PA11.Signal=GPIO_Output
SH.S_TIM2_CH1_ETR.0=TIM2_CH1,Encoder_Interface
ProjectManager.HeapSize=0x200
Mcu.Pin15=PA6
NVIC.HardFault_IRQn=true\:0\:0\:false\:false\:true\:false\:false
Mcu.Pin16=PA7
Mcu.Pin13=PA4
Mcu.Pin14=PA5
Mcu.Pin19=PB0
SH.S_TIM3_CH1.ConfNb=1
NVIC.TIM1_UP_TIM10_IRQn=true\:0\:0\:false\:false\:true\:false\:true
ProjectManager.ComputerToolchain=false
Mcu.Pin17=PC4
Mcu.Pin18=PC5
NVIC.TIM8_UP_TIM13_IRQn=true\:0\:0\:false\:false\:true\:true\:true
VP_TIM4_VS_ClockSourceINT.Mode=Internal
NVIC.PriorityGroup=NVIC_PRIORITYGROUP_4
Mcu.Pin11=PA2
Mcu.Pin12=PA3
PC5.GPIO_Speed=GPIO_SPEED_FREQ_VERY_HIGH
Mcu.Pin10=PA1
PC3.GPIO_Label=UNUSED11
RCC.PWRFreq_Value=180000000
PC14-OSC32_IN.GPIO_PuPd=GPIO_PULLUP
PD2.Signal=GPXTI2
PB12.GPIO_PuPd=GPIO_PULLDOWN
PB0.Signal=GPIO_Output
PA7.GPIOParameters=GPIO_Label
PC0.Locked=true
TIM12.IPParameters=Channel-PWM Generation2 CH2,Channel-PWM Generation1 CH1,Prescaler,Period
PB12.GPIOParameters=GPIO_PuPd,GPIO_Label
PC1.Signal=GPIO_Output
PD2.GPIO_Label=MPUINT
TIM2.IC2Filter=15
Mcu.Family=STM32F4
NVIC.USART3_IRQn=true\:2\:0\:true\:false\:true\:true\:true
ProjectManager.MainLocation=Core/Src
PA2.GPIO_PuPd=GPIO_PULLDOWN
VP_TIM10_VS_ClockSourceINT.Signal=TIM10_VS_ClockSourceINT
Dma.USART3_RX.0.PeriphInc=DMA_PINC_DISABLE
Dma.MEMTOMEM.3.Instance=DMA2_Stream1
RCC.CortexFreq_Value=180000000
ProjectManager.KeepUserCode=true
Mcu.UserName=STM32F446RETx
Dma.ADC3.2.Instance=DMA2_Stream0
PC10.Locked=true
TIM12.Channel-PWM\ Generation2\ CH2=TIM_CHANNEL_2
Dma.USART3_TX.1.MemInc=DMA_MINC_ENABLE
PC10.Signal=GPIO_Output
PA12.GPIOParameters=GPIO_PuPd,GPIO_Label
TIM3.EncoderMode=TIM_ENCODERMODE_TI12
ProjectManager.functionlistsort=1-MX_GPIO_Init-GPIO-false-HAL-true,2-MX_DMA_Init-DMA-false-HAL-true,3-SystemClock_Config-RCC-false-HAL-false,4-MX_ADC3_Init-ADC3-false-HAL-true,5-MX_I2C1_Init-I2C1-false-HAL-true,6-MX_TIM2_Init-TIM2-false-HAL-true,7-MX_TIM3_Init-TIM3-false-HAL-true,8-MX_TIM12_Init-TIM12-false-HAL-true,9-MX_USART3_UART_Init-USART3-false-HAL-true,10-MX_TIM14_Init-TIM14-false-HAL-true,11-MX_TIM6_Init-TIM6-false-HAL-true,12-MX_TIM7_Init-TIM7-false-HAL-true,13-MX_TIM4_Init-TIM4-false-HAL-true,14-MX_TIM5_Init-TIM5-false-HAL-true,15-MX_TIM9_Init-TIM9-false-HAL-true,16-MX_TIM10_Init-TIM10-false-HAL-true,17-MX_TIM13_Init-TIM13-false-HAL-true
PC0.GPIOParameters=GPIO_PuPd,GPIO_Label
PA9.GPIOParameters=GPIO_PuPd,GPIO_Label
PA11.GPIOParameters=GPIO_Label
Dma.I2C1_TX.5.FIFOMode=DMA_FIFOMODE_DISABLE
NVIC.EXTI3_IRQn=true\:0\:0\:false\:false\:true\:true\:true
PC0.GPIO_Label=UNUSED8
PH0-OSC_IN.GPIOParameters=GPIO_Label
PC9.Locked=true
PB0.GPIO_Label=LED3
RCC.PLLI2SRCLKFreq_Value=48000000
TIM2.EncoderMode=TIM_ENCODERMODE_TI12
PD2.Locked=true
PB3.GPIO_ModeDefaultEXTI=GPIO_MODE_IT_FALLING
PC13.GPIO_Label=XSHUT2
PC1.Locked=true
PB13.GPIO_Label=UNUSED7
PB15.Signal=S_TIM12_CH2
ADC3.Channel-0\#ChannelRegularConversion=ADC_CHANNEL_3
Dma.I2C1_RX.4.RequestParameters=Instance,Direction,PeriphInc,MemInc,PeriphDataAlignment,MemDataAlignment,Mode,Priority,FIFOMode
ProjectManager.StackSize=0x400
PB5.GPIOParameters=GPIO_PuPd,GPIO_Label,GPIO_ModeDefaultEXTI
SH.GPXTI2.0=GPIO_EXTI2
VP_TIM7_VS_ClockSourceINT.Mode=Enable_Timer
Mcu.IP4=RCC
RCC.FCLKCortexFreq_Value=180000000
Mcu.IP5=SYS
Mcu.IP2=I2C1
I2C1.IPParameters=I2C_Mode
Mcu.IP3=NVIC
PA15.GPIO_Label=UNUSED5
PC11.GPIO_PuPd=GPIO_PULLUP
PB4.GPIOParameters=GPIO_Label
Mcu.IP0=ADC3
PA12.Locked=true
Mcu.IP1=DMA
PA12.Signal=GPIO_Output
Mcu.UserConstants=
Dma.I2C1_TX.5.Priority=DMA_PRIORITY_LOW
PC1.GPIOParameters=GPIO_PuPd,GPIO_Label
Mcu.ThirdPartyNb=0
Dma.ADC3.2.Priority=DMA_PRIORITY_LOW
RCC.SDIOFreq_Value=180000000
RCC.HCLKFreq_Value=180000000
SH.ADCx_IN3.0=ADC3_IN3,IN3
Mcu.IPNb=18
ProjectManager.PreviousToolchain=STM32CubeIDE
TIM3.Period=65535
RCC.SPDIFRXFreq_Value=180000000
SH.ADCx_IN3.ConfNb=1
PA8.GPIOParameters=GPIO_Label
Mcu.Pin6=PC1
PB9.GPIO_ModeDefaultEXTI=GPIO_MODE_IT_FALLING
TIM7.Period=9999
Mcu.Pin7=PC2
NVIC.DMA2_Stream0_IRQn=true\:0\:0\:false\:false\:true\:false\:true
Mcu.Pin8=PC3
Mcu.Pin9=PA0-WKUP
RCC.VCOSAIOutputFreq_Value=96000000
RCC.AHBFreq_Value=180000000
PH0-OSC_IN.Mode=HSE-External-Oscillator
Mcu.Pin0=PC13
PH0-OSC_IN.GPIO_Label=OSCIN
Mcu.Pin1=PC14-OSC32_IN
GPIO.groupedBy=Group By Peripherals
Mcu.Pin2=PC15-OSC32_OUT
Mcu.Pin3=PH0-OSC_IN
Mcu.Pin4=PH1-OSC_OUT
PA0-WKUP.GPIOParameters=GPIO_Label
Mcu.Pin5=PC0
RCC.HSE_VALUE=8000000
Dma.USART3_RX.0.MemDataAlignment=DMA_MDATAALIGN_BYTE
Dma.I2C1_TX.5.RequestParameters=Instance,Direction,PeriphInc,MemInc,PeriphDataAlignment,MemDataAlignment,Mode,Priority,FIFOMode
NVIC.DebugMonitor_IRQn=true\:0\:0\:false\:false\:true\:false\:false
PA4.GPIO_PuPd=GPIO_PULLUP
Dma.USART3_TX.1.Mode=DMA_NORMAL
Mcu.IP10=TIM6
TIM14.Period=999
NVIC.SysTick_IRQn=true\:0\:0\:false\:false\:true\:false\:true
Mcu.IP12=TIM9
Mcu.IP11=TIM7
Dma.MEMTOMEM.3.Mode=DMA_NORMAL
SH.S_TIM12_CH2.ConfNb=1
Mcu.IP17=USART3
PA6.GPIO_PuPd=GPIO_PULLUP
PB3.GPIO_PuPd=GPIO_PULLUP
VP_TIM7_VS_ClockSourceINT.Signal=TIM7_VS_ClockSourceINT
Mcu.IP14=TIM12
Mcu.IP13=TIM10
Mcu.IP16=TIM14
Mcu.IP15=TIM13
RCC.VCOInputFreq_Value=2000000
PA14.Mode=Serial_Wire
Dma.I2C1_TX.5.MemInc=DMA_MINC_ENABLE
VP_SYS_VS_tim1.Mode=TIM1
PC11.GPIO_Label=INT5
File.Version=6
PA10.GPIO_Label=ABAC
Dma.USART3_RX.0.PeriphDataAlignment=DMA_PDATAALIGN_BYTE
PB3.GPIOParameters=GPIO_PuPd,GPIO_Label,GPIO_ModeDefaultEXTI
PB7.Signal=I2C1_SDA
Dma.USART3_RX.0.FIFOMode=DMA_FIFOMODE_DISABLE
PB8.Locked=true
VP_TIM12_VS_ClockSourceINT.Mode=Internal
SH.S_TIM3_CH1.0=TIM3_CH1,Encoder_Interface
TIM6.Period=999
Dma.RequestsNb=6
PB6.GPIOParameters=GPIO_Label
PB0.Locked=true
PC14-OSC32_IN.GPIOParameters=GPIO_PuPd,GPIO_Label,GPIO_ModeDefaultEXTI
ProjectManager.ProjectName=embedded_code
PA13.GPIOParameters=GPIO_Label
PH1-OSC_OUT.Mode=HSE-External-Oscillator
PB7.GPIO_Label=SDA
Dma.USART3_RX.0.Direction=DMA_PERIPH_TO_MEMORY
Dma.ADC3.2.RequestParameters=Instance,Direction,PeriphInc,MemInc,PeriphDataAlignment,MemDataAlignment,Mode,Priority,FIFOMode
PA6.Signal=GPIO_Input
PA7.Locked=true
Dma.I2C1_TX.5.Instance=DMA1_Stream6
ProjectManager.ToolChainLocation=
PA2.GPIO_Label=UNUSED1
Dma.MEMTOMEM.3.Direction=DMA_MEMORY_TO_MEMORY
SH.GPXTI5.ConfNb=1
PA15.Signal=GPIO_Output
VP_TIM13_VS_ClockSourceINT.Signal=TIM13_VS_ClockSourceINT
ADC3.ClockPrescaler=ADC_CLOCK_SYNC_PCLK_DIV8
Dma.USART3_RX.0.MemInc=DMA_MINC_ENABLE
Dma.MEMTOMEM.3.PeriphBurst=DMA_PBURST_SINGLE
PB5.GPIO_Label=INT3
Dma.Request2=ADC3
Dma.Request1=USART3_TX
Dma.Request4=I2C1_RX
Dma.Request3=MEMTOMEM
PC4.Locked=true
Dma.Request5=I2C1_TX
NVIC.DMA1_Stream0_IRQn=true\:0\:0\:false\:false\:true\:false\:true
PC14-OSC32_IN.GPIO_Label=INT1
PC5.Signal=USART3_RX
PC0.GPIO_PuPd=GPIO_PULLDOWN
RCC.SAIBFreq_Value=48000000
Dma.Request0=USART3_RX
Dma.USART3_RX.0.RequestParameters=Instance,Direction,PeriphInc,MemInc,PeriphDataAlignment,MemDataAlignment,Mode,Priority,FIFOMode
TIM10.IPParameters=Prescaler,Period
PC2.GPIO_Label=UNUSED10
NVIC.TIM7_IRQn=true\:0\:0\:false\:false\:true\:true\:true
TIM9.IPParameters=Prescaler,Period
PC14-OSC32_IN.Locked=true
PB3.Locked=true
PB4.Signal=GPIO_Output
PA3.Signal=ADCx_IN3
PA2.Locked=true
PB3.GPIO_Label=INT4
PB5.GPIO_ModeDefaultEXTI=GPIO_MODE_IT_FALLING
Dma.I2C1_TX.5.PeriphInc=DMA_PINC_DISABLE
RCC.PLLSourceVirtual=RCC_PLLSOURCE_HSE
TIM10.Prescaler=89
Dma.I2C1_RX.4.Priority=DMA_PRIORITY_LOW
SH.GPXTI5.0=GPIO_EXTI5
Dma.ADC3.2.MemDataAlignment=DMA_MDATAALIGN_HALFWORD
PB8.GPIOParameters=GPIO_Label
TIM3.CounterMode=TIM_COUNTERMODE_UP
TIM2.CounterMode=TIM_COUNTERMODE_UP
PB9.GPIO_Label=INT2
PC10.GPIO_Label=UNUSED14
VP_TIM14_VS_ClockSourceINT.Signal=TIM14_VS_ClockSourceINT
PC9.GPIO_Label=BBAC
ProjectManager.NoMain=false
PC11.Signal=GPXTI11
RCC.FMPI2C1Freq_Value=45000000
RCC.VCOI2SInputFreq_Value=500000
PC8.Signal=GPIO_Output
TIM6.Prescaler=89
PC4.Signal=GPIO_Output
VP_TIM6_VS_ClockSourceINT.Mode=Enable_Timer
ProjectManager.DefaultFWLocation=true
NVIC.DMA1_Stream1_IRQn=true\:1\:0\:true\:false\:true\:false\:true
PB12.Locked=true
ProjectManager.DeletePrevious=true
PC5.GPIO_PuPd=GPIO_PULLUP
PA9.GPIO_PuPd=GPIO_PULLDOWN
PA12.GPIO_Label=UNUSED4
RCC.FamilyName=M
Dma.USART3_RX.0.Mode=DMA_NORMAL
PB9.GPIOParameters=GPIO_PuPd,GPIO_Label,GPIO_ModeDefaultEXTI
PC8.GPIO_Label=UNUSED12
PC12.GPIOParameters=GPIO_Label
PA13.Signal=SYS_JTMS-SWDIO
Dma.I2C1_RX.4.MemDataAlignment=DMA_MDATAALIGN_BYTE
SH.S_TIM2_CH2.0=TIM2_CH2,Encoder_Interface
ADC3.SamplingTime-0\#ChannelRegularConversion=ADC_SAMPLETIME_15CYCLES
TIM6.IPParameters=Prescaler,Period
VP_TIM4_VS_ClockSourceINT.Signal=TIM4_VS_ClockSourceINT
ProjectManager.TargetToolchain=STM32CubeIDE
PB10.GPIO_Label=TX
Dma.I2C1_RX.4.MemInc=DMA_MINC_ENABLE
Dma.USART3_TX.1.RequestParameters=Instance,Direction,PeriphInc,MemInc,PeriphDataAlignment,MemDataAlignment,Mode,Priority,FIFOMode
PB7.GPIOParameters=GPIO_Label
PC5.GPIOParameters=GPIO_Speed,GPIO_PuPd,GPIO_Label
PB2.GPIOParameters=GPIO_Label
RCC.I2S1Freq_Value=48000000
PC2.Locked=true
ProjectManager.RegisterCallBack=
RCC.USBFreq_Value=180000000
SH.S_TIM14_CH1.ConfNb=1
RCC.PLLSAIoutputFreq_Value=48000000
TIM4.Prescaler=89
PC15-OSC32_OUT.Signal=GPIO_Output
PA1.Signal=S_TIM2_CH2
PB1.Locked=true
RCC.VCOI2SOutputFreq_Value=96000000
SH.S_TIM3_CH2.0=TIM3_CH2,Encoder_Interface
RCC.PLLSAIPCLKFreq_Value=48000000
TIM7.Prescaler=89
board=custom
SH.GPXTI3.0=GPIO_EXTI3
RCC.VCOOutputFreq_Value=360000000
VP_TIM9_VS_ClockSourceINT.Mode=Internal
TIM10.Period=32999
TIM12.Channel-PWM\ Generation1\ CH1=TIM_CHANNEL_1
RCC.APB2Freq_Value=90000000
TIM7.IPParameters=Prescaler,Period
MxCube.Version=6.1.1
PC13.GPIOParameters=GPIO_Label
PC1.GPIO_Label=UNUSED9
PA10.GPIOParameters=GPIO_Label
Dma.MEMTOMEM.3.FIFOMode=DMA_FIFOMODE_ENABLE
Dma.I2C1_RX.4.PeriphInc=DMA_PINC_DISABLE
PH1-OSC_OUT.Signal=RCC_OSC_OUT
Dma.ADC3.2.MemInc=DMA_MINC_ENABLE
PA4.GPIOParameters=GPIO_PuPd,GPIO_Label
PC2.GPIO_PuPd=GPIO_PULLDOWN
Dma.MEMTOMEM.3.MemDataAlignment=DMA_MDATAALIGN_BYTE
PB15.GPIOParameters=GPIO_Label
RCC.IPParameters=AHBFreq_Value,APB1CLKDivider,APB1Freq_Value,APB1TimFreq_Value,APB2CLKDivider,APB2Freq_Value,APB2TimFreq_Value,CECFreq_Value,CortexFreq_Value,FCLKCortexFreq_Value,FMPI2C1Freq_Value,FamilyName,HCLKFreq_Value,HSE_VALUE,I2S1Freq_Value,I2S2Freq_Value,MCO2PinFreq_Value,PLLCLKFreq_Value,PLLI2SPCLKFreq_Value,PLLI2SQCLKFreq_Value,PLLI2SRCLKFreq_Value,PLLI2SoutputFreq_Value,PLLM,PLLN,PLLQCLKFreq_Value,PLLRCLKFreq_Value,PLLSAIPCLKFreq_Value,PLLSAIQCLKFreq_Value,PLLSAIoutputFreq_Value,PLLSourceVirtual,PWRFreq_Value,SAIAFreq_Value,SAIBFreq_Value,SDIOFreq_Value,SPDIFRXFreq_Value,SYSCLKFreq_VALUE,SYSCLKSource,USBFreq_Value,VCOI2SInputFreq_Value,VCOI2SOutputFreq_Value,VCOInputFreq_Value,VCOOutputFreq_Value,VCOSAIInputFreq_Value,VCOSAIOutputFreq_Value
ProjectManager.AskForMigrate=true
Mcu.Name=STM32F446R(C-E)Tx
PA2.Signal=GPIO_Output
PA13.GPIO_Label=SWDIO
PB2.Locked=true
Mcu.IP8=TIM4
Mcu.IP9=TIM5
Mcu.IP6=TIM2
RCC.VCOSAIInputFreq_Value=500000
Mcu.IP7=TIM3
ProjectManager.CoupleFile=true
PB3.Signal=GPXTI3
RCC.SYSCLKFreq_VALUE=180000000
Dma.USART3_RX.0.Priority=DMA_PRIORITY_VERY_HIGH
PA7.GPIO_Label=LED1
KeepUserPlacement=false
TIM5.Prescaler=89
PC5.GPIO_Label=RX
USART3.VirtualMode=VM_ASYNC
PH1-OSC_OUT.GPIOParameters=GPIO_Label
PB7.Mode=I2C
SH.GPXTI9.ConfNb=1
NVIC.EXTI9_5_IRQn=true\:0\:0\:false\:false\:true\:true\:true
PA14.Signal=SYS_JTCK-SWCLK
PB2.GPIO_Label=LED5
PC6.GPIOParameters=GPIO_Label
Dma.USART3_TX.1.Direction=DMA_MEMORY_TO_PERIPH
RCC.PLLM=4
RCC.PLLN=180
PA15.GPIO_PuPd=GPIO_PULLDOWN
PB8.Signal=GPIO_Output
Dma.MEMTOMEM.3.PeriphInc=DMA_PINC_ENABLE
PC8.Locked=true
NVIC.DMA1_Stream3_IRQn=true\:1\:0\:true\:false\:true\:false\:true
PC9.Signal=GPIO_Output
NVIC.TIM4_IRQn=true\:0\:0\:false\:false\:true\:true\:true
RCC.APB1Freq_Value=45000000
ADC3.NbrOfConversionFlag=1
Dma.I2C1_TX.5.Direction=DMA_MEMORY_TO_PERIPH
ProjectManager.DeviceId=STM32F446RETx
Dma.ADC3.2.FIFOMode=DMA_FIFOMODE_DISABLE
PB12.Signal=GPIO_Output
ProjectManager.LibraryCopy=1
PC3.GPIO_PuPd=GPIO_PULLDOWN
PA3.GPIO_Label=BATLVL
PB1.GPIOParameters=GPIO_Label
PA7.Signal=S_TIM14_CH1
PA6.Locked=true
isbadioc=false
